
Microsoft Visual Studio Solution File, Format Version 12.00
# Visual Studio Version 17
VisualStudioVersion = 17.0.31903.59
MinimumVisualStudioVersion = 10.0.40219.1
Project("{2150E333-8FDC-42A3-9474-1A3956D46DE8}") = "Directories", "Directories", "{8FB9D79A-C7C2-410F-9F16-F34CD37CD1BA}"
EndProject
Project("{FAE04EC0-301F-11D3-BF4B-00C04F79EFBC}") = "HomeBudget.Directories", "HomeBudget.Directories\HomeBudget.Directories.csproj", "{E6934A1E-8933-400D-936D-D5A77C4DEB7F}"
EndProject
Project("{FAE04EC0-301F-11D3-BF4B-00C04F79EFBC}") = "HomeBudget.Directories.EF", "HomeBudget.Directories.EF\HomeBudget.Directories.EF.csproj", "{446CF312-4FD7-44C4-89BF-7F0741E19B23}"
EndProject
Project("{FAE04EC0-301F-11D3-BF4B-00C04F79EFBC}") = "HomeBudget.Directories.Tests", "HomeBudget.Directories.Tests\HomeBudget.Directories.Tests.csproj", "{BEAD8F91-5C49-4E2A-A223-B7E042157BC9}"
EndProject
Project("{2150E333-8FDC-42A3-9474-1A3956D46DE8}") = "AuthService", "AuthService", "{36D591C7-65C7-A0D1-1CBC-10CDE441BDC8}"
EndProject
Project("{FAE04EC0-301F-11D3-BF4B-00C04F79EFBC}") = "HomeBudget.AuthService", "HomeBudget.AuthService\HomeBudget.AuthService.csproj", "{0089CF4D-8D2A-4CFA-A01A-A45ABD1493A6}"
EndProject
Project("{FAE04EC0-301F-11D3-BF4B-00C04F79EFBC}") = "HomeBudget.AuthService.EF", "HomeBudget.AuthService.EF\HomeBudget.AuthService.EF.csproj", "{BB2179B0-BFA9-4B4E-B348-89406E0562C2}"
EndProject
Project("{2150E333-8FDC-42A3-9474-1A3956D46DE8}") = "AccountManagement", "AccountManagement", "{E9CE164A-005B-4D8C-BBC5-D1219496F6B2}"
EndProject
Project("{FAE04EC0-301F-11D3-BF4B-00C04F79EFBC}") = "AccountManagement", "AccountManagement\AccountManagement.csproj", "{0DEA098D-D652-42DE-A599-A22FE3FD08EA}"
EndProject
Project("{FAE04EC0-301F-11D3-BF4B-00C04F79EFBC}") = "AccountManagement.EF", "AccountManagement.EF\AccountManagement.EF.csproj", "{B60A4800-7B8D-4CD0-AD62-8F75FB474034}"
EndProject
Project("{2150E333-8FDC-42A3-9474-1A3956D46DE8}") = "HealthCheck", "HealthCheck", "{EF7E460A-DE5E-43A9-8F61-137416371E7F}"
EndProject
Project("{FAE04EC0-301F-11D3-BF4B-00C04F79EFBC}") = "HomeBudget.HealthCheck", "HomeBudget.HealthCheck\HomeBudget.HealthCheck.csproj", "{166DDE79-7661-4ADD-BB33-4B53161FA0A5}"
EndProject
Global
	GlobalSection(SolutionConfigurationPlatforms) = preSolution
		Debug|Any CPU = Debug|Any CPU
		Release|Any CPU = Release|Any CPU
	EndGlobalSection
	GlobalSection(ProjectConfigurationPlatforms) = postSolution
		{E6934A1E-8933-400D-936D-D5A77C4DEB7F}.Debug|Any CPU.ActiveCfg = Debug|Any CPU
		{E6934A1E-8933-400D-936D-D5A77C4DEB7F}.Debug|Any CPU.Build.0 = Debug|Any CPU
		{E6934A1E-8933-400D-936D-D5A77C4DEB7F}.Release|Any CPU.ActiveCfg = Release|Any CPU
		{E6934A1E-8933-400D-936D-D5A77C4DEB7F}.Release|Any CPU.Build.0 = Release|Any CPU
		{446CF312-4FD7-44C4-89BF-7F0741E19B23}.Debug|Any CPU.ActiveCfg = Debug|Any CPU
		{446CF312-4FD7-44C4-89BF-7F0741E19B23}.Debug|Any CPU.Build.0 = Debug|Any CPU
		{446CF312-4FD7-44C4-89BF-7F0741E19B23}.Release|Any CPU.ActiveCfg = Release|Any CPU
		{446CF312-4FD7-44C4-89BF-7F0741E19B23}.Release|Any CPU.Build.0 = Release|Any CPU
		{BEAD8F91-5C49-4E2A-A223-B7E042157BC9}.Debug|Any CPU.ActiveCfg = Debug|Any CPU
		{BEAD8F91-5C49-4E2A-A223-B7E042157BC9}.Debug|Any CPU.Build.0 = Debug|Any CPU
		{BEAD8F91-5C49-4E2A-A223-B7E042157BC9}.Release|Any CPU.ActiveCfg = Release|Any CPU
		{BEAD8F91-5C49-4E2A-A223-B7E042157BC9}.Release|Any CPU.Build.0 = Release|Any CPU
		{0089CF4D-8D2A-4CFA-A01A-A45ABD1493A6}.Debug|Any CPU.ActiveCfg = Debug|Any CPU
		{0089CF4D-8D2A-4CFA-A01A-A45ABD1493A6}.Debug|Any CPU.Build.0 = Debug|Any CPU
		{0089CF4D-8D2A-4CFA-A01A-A45ABD1493A6}.Release|Any CPU.ActiveCfg = Release|Any CPU
		{0089CF4D-8D2A-4CFA-A01A-A45ABD1493A6}.Release|Any CPU.Build.0 = Release|Any CPU
		{BB2179B0-BFA9-4B4E-B348-89406E0562C2}.Debug|Any CPU.ActiveCfg = Debug|Any CPU
		{BB2179B0-BFA9-4B4E-B348-89406E0562C2}.Debug|Any CPU.Build.0 = Debug|Any CPU
		{BB2179B0-BFA9-4B4E-B348-89406E0562C2}.Release|Any CPU.ActiveCfg = Release|Any CPU
		{BB2179B0-BFA9-4B4E-B348-89406E0562C2}.Release|Any CPU.Build.0 = Release|Any CPU
		{0DEA098D-D652-42DE-A599-A22FE3FD08EA}.Debug|Any CPU.ActiveCfg = Debug|Any CPU
		{0DEA098D-D652-42DE-A599-A22FE3FD08EA}.Debug|Any CPU.Build.0 = Debug|Any CPU
		{0DEA098D-D652-42DE-A599-A22FE3FD08EA}.Release|Any CPU.ActiveCfg = Release|Any CPU
		{0DEA098D-D652-42DE-A599-A22FE3FD08EA}.Release|Any CPU.Build.0 = Release|Any CPU
		{B60A4800-7B8D-4CD0-AD62-8F75FB474034}.Debug|Any CPU.ActiveCfg = Debug|Any CPU
		{B60A4800-7B8D-4CD0-AD62-8F75FB474034}.Debug|Any CPU.Build.0 = Debug|Any CPU
		{B60A4800-7B8D-4CD0-AD62-8F75FB474034}.Release|Any CPU.ActiveCfg = Release|Any CPU
		{B60A4800-7B8D-4CD0-AD62-8F75FB474034}.Release|Any CPU.Build.0 = Release|Any CPU
		{166DDE79-7661-4ADD-BB33-4B53161FA0A5}.Debug|Any CPU.ActiveCfg = Debug|Any CPU
		{166DDE79-7661-4ADD-BB33-4B53161FA0A5}.Debug|Any CPU.Build.0 = Debug|Any CPU
		{166DDE79-7661-4ADD-BB33-4B53161FA0A5}.Release|Any CPU.ActiveCfg = Release|Any CPU
		{166DDE79-7661-4ADD-BB33-4B53161FA0A5}.Release|Any CPU.Build.0 = Release|Any CPU
	EndGlobalSection
	GlobalSection(SolutionProperties) = preSolution
		HideSolutionNode = FALSE
	EndGlobalSection
	GlobalSection(NestedProjects) = preSolution
		{E6934A1E-8933-400D-936D-D5A77C4DEB7F} = {8FB9D79A-C7C2-410F-9F16-F34CD37CD1BA}
		{446CF312-4FD7-44C4-89BF-7F0741E19B23} = {8FB9D79A-C7C2-410F-9F16-F34CD37CD1BA}
		{BEAD8F91-5C49-4E2A-A223-B7E042157BC9} = {8FB9D79A-C7C2-410F-9F16-F34CD37CD1BA}
		{0089CF4D-8D2A-4CFA-A01A-A45ABD1493A6} = {36D591C7-65C7-A0D1-1CBC-10CDE441BDC8}
		{BB2179B0-BFA9-4B4E-B348-89406E0562C2} = {36D591C7-65C7-A0D1-1CBC-10CDE441BDC8}
		{0DEA098D-D652-42DE-A599-A22FE3FD08EA} = {E9CE164A-005B-4D8C-BBC5-D1219496F6B2}
		{B60A4800-7B8D-4CD0-AD62-8F75FB474034} = {E9CE164A-005B-4D8C-BBC5-D1219496F6B2}
		{166DDE79-7661-4ADD-BB33-4B53161FA0A5} = {EF7E460A-DE5E-43A9-8F61-137416371E7F}
	EndGlobalSection
	GlobalSection(ExtensibilityGlobals) = postSolution
		SolutionGuid = {C294802D-55A1-4F6F-B898-32FFA6888360}
	EndGlobalSection
EndGlobal
